
Microsoft Visual Studio Solution File, Format Version 12.00
# Visual Studio 14
VisualStudioVersion = 14.0.25123.0
MinimumVisualStudioVersion = 10.0.40219.1
Project("{FAE04EC0-301F-11D3-BF4B-00C04F79EFBC}") = "NovaAlert.Communication", "NovaAlert.Communication\NovaAlert.Communication.csproj", "{BC46F46B-19B9-437A-AF9F-E88C902FD06F}"
EndProject
Project("{FAE04EC0-301F-11D3-BF4B-00C04F79EFBC}") = "NovaAlert.Entities", "NovaAlert.Entities\NovaAlert.Entities.csproj", "{C4413F39-CFA1-42E5-B55C-5C7888AE054F}"
EndProject
Project("{FAE04EC0-301F-11D3-BF4B-00C04F79EFBC}") = "NovaAlert.Gui", "NovaAlert.Gui\NovaAlert.Gui.csproj", "{FF65D0C7-D447-498E-BC79-CA8A635D5E48}"
EndProject
Project("{FAE04EC0-301F-11D3-BF4B-00C04F79EFBC}") = "NovaAlert.Common", "NovarAlert.Common\NovaAlert.Common.csproj", "{9520C0B1-E82C-4678-ABE7-38C2CD3F66DA}"
EndProject
Project("{FAE04EC0-301F-11D3-BF4B-00C04F79EFBC}") = "NovaAlert.Bll", "NovaAlert.Bll\NovaAlert.Bll.csproj", "{EC10AE01-EB85-415F-929F-E66479EE7F53}"
	ProjectSection(ProjectDependencies) = postProject
		{15B3E0D2-6217-493A-A690-158C497F5318} = {15B3E0D2-6217-493A-A690-158C497F5318}
	EndProjectSection
EndProject
Project("{FAE04EC0-301F-11D3-BF4B-00C04F79EFBC}") = "NovaAlert.Dal", "NovaAlert.Dal\NovaAlert.Dal.csproj", "{377D609A-3DC9-4DAC-8EB7-A5C3D056CC6F}"
EndProject
Project("{FAE04EC0-301F-11D3-BF4B-00C04F79EFBC}") = "NovaAlert.Config", "NovaAlert.Config\NovaAlert.Config.csproj", "{90E1D895-BEFC-4AC9-BE5A-908964C539A5}"
	ProjectSection(ProjectDependencies) = postProject
		{15B3E0D2-6217-493A-A690-158C497F5318} = {15B3E0D2-6217-493A-A690-158C497F5318}
	EndProjectSection
EndProject
Project("{2150E333-8FDC-42A3-9474-1A3956D46DE8}") = "Solution Items", "Solution Items", "{C9E92A0F-397D-4807-8649-1840E23DB58D}"
	ProjectSection(SolutionItems) = preProject
		log4net.dll = log4net.dll
		NAudio.dll = NAudio.dll
		NAudio.WindowsMediaFormat.dll = NAudio.WindowsMediaFormat.dll
	EndProjectSection
EndProject
Project("{FAE04EC0-301F-11D3-BF4B-00C04F79EFBC}") = "NovaAlert.Server", "NovaAlert.Server\NovaAlert.Server.csproj", "{CB955BAC-370A-4D96-A1C5-428F03BFA56C}"
EndProject
Project("{FAE04EC0-301F-11D3-BF4B-00C04F79EFBC}") = "NovaAlert.Service", "NovaAlert.Service\NovaAlert.Service.csproj", "{15B3E0D2-6217-493A-A690-158C497F5318}"
EndProject
Project("{FAE04EC0-301F-11D3-BF4B-00C04F79EFBC}") = "NovaAlert.SwitchIC", "NovaAlert.SwitchIC\NovaAlert.SwitchIC.csproj", "{B21758D0-9AF3-4797-861C-3CF81DC32923}"
EndProject
Project("{54435603-DBB4-11D2-8724-00A0C9A8B90C}") = "NovaAlertSetup", "NovaAlertSetup\NovaAlertSetup.vdproj", "{B9995990-1E20-4DE1-970C-312A8D9F76B9}"
EndProject
Project("{FAE04EC0-301F-11D3-BF4B-00C04F79EFBC}") = "NovaAlert.Sound", "NovaAlert.Sound\NovaAlert.Sound.csproj", "{3F62449A-FB0A-4FB6-A874-8086BA2252DF}"
EndProject
Project("{FAE04EC0-301F-11D3-BF4B-00C04F79EFBC}") = "NovaAlert.UsbRecorder", "NovaAlert.UsbRecorder\NovaAlert.UsbRecorder.csproj", "{37924A57-CEA3-4009-946E-87577CE80052}"
EndProject
Project("{2150E333-8FDC-42A3-9474-1A3956D46DE8}") = "Test", "Test", "{A632ECB7-03B1-40A8-BEEC-6D2AD68D58B3}"
EndProject
Project("{FAE04EC0-301F-11D3-BF4B-00C04F79EFBC}") = "TestRecorder", "TestRecorder\TestRecorder.csproj", "{38285284-4DE0-463E-88A7-72607E3DD6B0}"
EndProject
Project("{FAE04EC0-301F-11D3-BF4B-00C04F79EFBC}") = "Test.NovaAlert.SwitchIC", "Test.NovaAlert.SwitchIC\Test.NovaAlert.SwitchIC.csproj", "{2EF0951C-6ABA-4EA5-A996-FFC962BAE451}"
EndProject
Project("{FAE04EC0-301F-11D3-BF4B-00C04F79EFBC}") = "NovaAlert.ResultViewer", "NovaAlert.ResultViewer\NovaAlert.ResultViewer.csproj", "{8FB0A6CB-3C60-4A13-AAA9-90D1D8C572A8}"
EndProject
Project("{FAE04EC0-301F-11D3-BF4B-00C04F79EFBC}") = "TestNovaAlertDal", "TestNovaAlertDal\TestNovaAlertDal.csproj", "{33B14365-8EBD-4FA3-9D86-084D77CFDF31}"
EndProject
Project("{FAE04EC0-301F-11D3-BF4B-00C04F79EFBC}") = "UnitTestRecorder", "UnitTestRecorder\UnitTestRecorder.csproj", "{87E428D9-20D4-45B4-8F18-45F45F177B86}"
EndProject
Project("{FAE04EC0-301F-11D3-BF4B-00C04F79EFBC}") = "DBUtil", "DBUtil\DBUtil.csproj", "{96710F18-4C73-477E-91CA-BA3E5DB86E98}"
EndProject
Project("{FAE04EC0-301F-11D3-BF4B-00C04F79EFBC}") = "TestATModem", "TestATModem\TestATModem.csproj", "{30EFE940-78A4-440E-AB73-2878A37291A7}"
EndProject
Project("{FAE04EC0-301F-11D3-BF4B-00C04F79EFBC}") = "TestModemGui", "TestModemGui\TestModemGui.csproj", "{D7DED2E3-6FBE-4538-A617-906F13925F27}"
EndProject
Project("{54435603-DBB4-11D2-8724-00A0C9A8B90C}") = "NovaAlertClientSetup", "NovaAlertClientSetup\NovaAlertClientSetup.vdproj", "{9175D0A0-C1CD-4F8A-BD20-BF2665DEC2BC}"
EndProject
Global
	GlobalSection(SolutionConfigurationPlatforms) = preSolution
		Debug|Any CPU = Debug|Any CPU
		Debug|Mixed Platforms = Debug|Mixed Platforms
		Debug|x86 = Debug|x86
		Release 3.5|Any CPU = Release 3.5|Any CPU
		Release 3.5|Mixed Platforms = Release 3.5|Mixed Platforms
		Release 3.5|x86 = Release 3.5|x86
		Release|Any CPU = Release|Any CPU
		Release|Mixed Platforms = Release|Mixed Platforms
		Release|x86 = Release|x86
	EndGlobalSection
	GlobalSection(ProjectConfigurationPlatforms) = postSolution
		{BC46F46B-19B9-437A-AF9F-E88C902FD06F}.Debug|Any CPU.ActiveCfg = Debug|Any CPU
		{BC46F46B-19B9-437A-AF9F-E88C902FD06F}.Debug|Any CPU.Build.0 = Debug|Any CPU
		{BC46F46B-19B9-437A-AF9F-E88C902FD06F}.Debug|Mixed Platforms.ActiveCfg = Debug|x86
		{BC46F46B-19B9-437A-AF9F-E88C902FD06F}.Debug|Mixed Platforms.Build.0 = Debug|x86
		{BC46F46B-19B9-437A-AF9F-E88C902FD06F}.Debug|x86.ActiveCfg = Debug|x86
		{BC46F46B-19B9-437A-AF9F-E88C902FD06F}.Debug|x86.Build.0 = Debug|x86
		{BC46F46B-19B9-437A-AF9F-E88C902FD06F}.Debug|x86.Deploy.0 = Debug|x86
		{BC46F46B-19B9-437A-AF9F-E88C902FD06F}.Release 3.5|Any CPU.ActiveCfg = Release|Any CPU
		{BC46F46B-19B9-437A-AF9F-E88C902FD06F}.Release 3.5|Any CPU.Build.0 = Release|Any CPU
		{BC46F46B-19B9-437A-AF9F-E88C902FD06F}.Release 3.5|Mixed Platforms.ActiveCfg = Release|x86
		{BC46F46B-19B9-437A-AF9F-E88C902FD06F}.Release 3.5|Mixed Platforms.Build.0 = Release|x86
		{BC46F46B-19B9-437A-AF9F-E88C902FD06F}.Release 3.5|x86.ActiveCfg = Release|x86
		{BC46F46B-19B9-437A-AF9F-E88C902FD06F}.Release 3.5|x86.Build.0 = Release|x86
		{BC46F46B-19B9-437A-AF9F-E88C902FD06F}.Release|Any CPU.ActiveCfg = Release|Any CPU
		{BC46F46B-19B9-437A-AF9F-E88C902FD06F}.Release|Any CPU.Build.0 = Release|Any CPU
		{BC46F46B-19B9-437A-AF9F-E88C902FD06F}.Release|Mixed Platforms.ActiveCfg = Release|x86
		{BC46F46B-19B9-437A-AF9F-E88C902FD06F}.Release|Mixed Platforms.Build.0 = Release|x86
		{BC46F46B-19B9-437A-AF9F-E88C902FD06F}.Release|x86.ActiveCfg = Release|x86
		{BC46F46B-19B9-437A-AF9F-E88C902FD06F}.Release|x86.Build.0 = Release|x86
		{C4413F39-CFA1-42E5-B55C-5C7888AE054F}.Debug|Any CPU.ActiveCfg = Debug|Any CPU
		{C4413F39-CFA1-42E5-B55C-5C7888AE054F}.Debug|Any CPU.Build.0 = Debug|Any CPU
		{C4413F39-CFA1-42E5-B55C-5C7888AE054F}.Debug|Mixed Platforms.ActiveCfg = Debug|x86
		{C4413F39-CFA1-42E5-B55C-5C7888AE054F}.Debug|Mixed Platforms.Build.0 = Debug|x86
		{C4413F39-CFA1-42E5-B55C-5C7888AE054F}.Debug|x86.ActiveCfg = Debug|x86
		{C4413F39-CFA1-42E5-B55C-5C7888AE054F}.Debug|x86.Build.0 = Debug|x86
		{C4413F39-CFA1-42E5-B55C-5C7888AE054F}.Release 3.5|Any CPU.ActiveCfg = Release|Any CPU
		{C4413F39-CFA1-42E5-B55C-5C7888AE054F}.Release 3.5|Any CPU.Build.0 = Release|Any CPU
		{C4413F39-CFA1-42E5-B55C-5C7888AE054F}.Release 3.5|Mixed Platforms.ActiveCfg = Release|x86
		{C4413F39-CFA1-42E5-B55C-5C7888AE054F}.Release 3.5|Mixed Platforms.Build.0 = Release|x86
		{C4413F39-CFA1-42E5-B55C-5C7888AE054F}.Release 3.5|x86.ActiveCfg = Release|x86
		{C4413F39-CFA1-42E5-B55C-5C7888AE054F}.Release 3.5|x86.Build.0 = Release|x86
		{C4413F39-CFA1-42E5-B55C-5C7888AE054F}.Release|Any CPU.ActiveCfg = Release|Any CPU
		{C4413F39-CFA1-42E5-B55C-5C7888AE054F}.Release|Any CPU.Build.0 = Release|Any CPU
		{C4413F39-CFA1-42E5-B55C-5C7888AE054F}.Release|Mixed Platforms.ActiveCfg = Release|x86
		{C4413F39-CFA1-42E5-B55C-5C7888AE054F}.Release|Mixed Platforms.Build.0 = Release|x86
		{C4413F39-CFA1-42E5-B55C-5C7888AE054F}.Release|x86.ActiveCfg = Release|x86
		{C4413F39-CFA1-42E5-B55C-5C7888AE054F}.Release|x86.Build.0 = Release|x86
		{FF65D0C7-D447-498E-BC79-CA8A635D5E48}.Debug|Any CPU.ActiveCfg = Debug|Any CPU
		{FF65D0C7-D447-498E-BC79-CA8A635D5E48}.Debug|Any CPU.Build.0 = Debug|Any CPU
		{FF65D0C7-D447-498E-BC79-CA8A635D5E48}.Debug|Mixed Platforms.ActiveCfg = Debug|x86
		{FF65D0C7-D447-498E-BC79-CA8A635D5E48}.Debug|Mixed Platforms.Build.0 = Debug|x86
		{FF65D0C7-D447-498E-BC79-CA8A635D5E48}.Debug|x86.ActiveCfg = Debug|x86
		{FF65D0C7-D447-498E-BC79-CA8A635D5E48}.Debug|x86.Build.0 = Debug|x86
		{FF65D0C7-D447-498E-BC79-CA8A635D5E48}.Release 3.5|Any CPU.ActiveCfg = Release|Any CPU
		{FF65D0C7-D447-498E-BC79-CA8A635D5E48}.Release 3.5|Any CPU.Build.0 = Release|Any CPU
		{FF65D0C7-D447-498E-BC79-CA8A635D5E48}.Release 3.5|Mixed Platforms.ActiveCfg = Release|x86
		{FF65D0C7-D447-498E-BC79-CA8A635D5E48}.Release 3.5|Mixed Platforms.Build.0 = Release|x86
		{FF65D0C7-D447-498E-BC79-CA8A635D5E48}.Release 3.5|x86.ActiveCfg = Release|x86
		{FF65D0C7-D447-498E-BC79-CA8A635D5E48}.Release 3.5|x86.Build.0 = Release|x86
		{FF65D0C7-D447-498E-BC79-CA8A635D5E48}.Release|Any CPU.ActiveCfg = Release|Any CPU
		{FF65D0C7-D447-498E-BC79-CA8A635D5E48}.Release|Any CPU.Build.0 = Release|Any CPU
		{FF65D0C7-D447-498E-BC79-CA8A635D5E48}.Release|Mixed Platforms.ActiveCfg = Release|x86
		{FF65D0C7-D447-498E-BC79-CA8A635D5E48}.Release|Mixed Platforms.Build.0 = Release|x86
		{FF65D0C7-D447-498E-BC79-CA8A635D5E48}.Release|x86.ActiveCfg = Release|x86
		{FF65D0C7-D447-498E-BC79-CA8A635D5E48}.Release|x86.Build.0 = Release|x86
		{9520C0B1-E82C-4678-ABE7-38C2CD3F66DA}.Debug|Any CPU.ActiveCfg = Debug|Any CPU
		{9520C0B1-E82C-4678-ABE7-38C2CD3F66DA}.Debug|Any CPU.Build.0 = Debug|Any CPU
		{9520C0B1-E82C-4678-ABE7-38C2CD3F66DA}.Debug|Mixed Platforms.ActiveCfg = Debug|x86
		{9520C0B1-E82C-4678-ABE7-38C2CD3F66DA}.Debug|Mixed Platforms.Build.0 = Debug|x86
		{9520C0B1-E82C-4678-ABE7-38C2CD3F66DA}.Debug|x86.ActiveCfg = Debug|x86
		{9520C0B1-E82C-4678-ABE7-38C2CD3F66DA}.Debug|x86.Build.0 = Debug|x86
		{9520C0B1-E82C-4678-ABE7-38C2CD3F66DA}.Debug|x86.Deploy.0 = Debug|x86
		{9520C0B1-E82C-4678-ABE7-38C2CD3F66DA}.Release 3.5|Any CPU.ActiveCfg = Release|Any CPU
		{9520C0B1-E82C-4678-ABE7-38C2CD3F66DA}.Release 3.5|Any CPU.Build.0 = Release|Any CPU
		{9520C0B1-E82C-4678-ABE7-38C2CD3F66DA}.Release 3.5|Mixed Platforms.ActiveCfg = Release|x86
		{9520C0B1-E82C-4678-ABE7-38C2CD3F66DA}.Release 3.5|Mixed Platforms.Build.0 = Release|x86
		{9520C0B1-E82C-4678-ABE7-38C2CD3F66DA}.Release 3.5|x86.ActiveCfg = Release|x86
		{9520C0B1-E82C-4678-ABE7-38C2CD3F66DA}.Release 3.5|x86.Build.0 = Release|x86
		{9520C0B1-E82C-4678-ABE7-38C2CD3F66DA}.Release|Any CPU.ActiveCfg = Release|Any CPU
		{9520C0B1-E82C-4678-ABE7-38C2CD3F66DA}.Release|Any CPU.Build.0 = Release|Any CPU
		{9520C0B1-E82C-4678-ABE7-38C2CD3F66DA}.Release|Mixed Platforms.ActiveCfg = Release|x86
		{9520C0B1-E82C-4678-ABE7-38C2CD3F66DA}.Release|Mixed Platforms.Build.0 = Release|x86
		{9520C0B1-E82C-4678-ABE7-38C2CD3F66DA}.Release|x86.ActiveCfg = Release|x86
		{9520C0B1-E82C-4678-ABE7-38C2CD3F66DA}.Release|x86.Build.0 = Release|x86
		{EC10AE01-EB85-415F-929F-E66479EE7F53}.Debug|Any CPU.ActiveCfg = Debug|x86
		{EC10AE01-EB85-415F-929F-E66479EE7F53}.Debug|Any CPU.Build.0 = Debug|x86
		{EC10AE01-EB85-415F-929F-E66479EE7F53}.Debug|Mixed Platforms.ActiveCfg = Debug|x86
		{EC10AE01-EB85-415F-929F-E66479EE7F53}.Debug|Mixed Platforms.Build.0 = Debug|x86
		{EC10AE01-EB85-415F-929F-E66479EE7F53}.Debug|x86.ActiveCfg = Debug|x86
		{EC10AE01-EB85-415F-929F-E66479EE7F53}.Debug|x86.Build.0 = Debug|x86
		{EC10AE01-EB85-415F-929F-E66479EE7F53}.Release 3.5|Any CPU.ActiveCfg = Release|Any CPU
		{EC10AE01-EB85-415F-929F-E66479EE7F53}.Release 3.5|Any CPU.Build.0 = Release|Any CPU
		{EC10AE01-EB85-415F-929F-E66479EE7F53}.Release 3.5|Mixed Platforms.ActiveCfg = Release|x86
		{EC10AE01-EB85-415F-929F-E66479EE7F53}.Release 3.5|Mixed Platforms.Build.0 = Release|x86
		{EC10AE01-EB85-415F-929F-E66479EE7F53}.Release 3.5|x86.ActiveCfg = Release|x86
		{EC10AE01-EB85-415F-929F-E66479EE7F53}.Release 3.5|x86.Build.0 = Release|x86
		{EC10AE01-EB85-415F-929F-E66479EE7F53}.Release|Any CPU.ActiveCfg = Release|Any CPU
		{EC10AE01-EB85-415F-929F-E66479EE7F53}.Release|Any CPU.Build.0 = Release|Any CPU
		{EC10AE01-EB85-415F-929F-E66479EE7F53}.Release|Mixed Platforms.ActiveCfg = Release|x86
		{EC10AE01-EB85-415F-929F-E66479EE7F53}.Release|Mixed Platforms.Build.0 = Release|x86
		{EC10AE01-EB85-415F-929F-E66479EE7F53}.Release|x86.ActiveCfg = Release|x86
		{EC10AE01-EB85-415F-929F-E66479EE7F53}.Release|x86.Build.0 = Release|x86
		{377D609A-3DC9-4DAC-8EB7-A5C3D056CC6F}.Debug|Any CPU.ActiveCfg = Debug|Any CPU
		{377D609A-3DC9-4DAC-8EB7-A5C3D056CC6F}.Debug|Any CPU.Build.0 = Debug|Any CPU
		{377D609A-3DC9-4DAC-8EB7-A5C3D056CC6F}.Debug|Mixed Platforms.ActiveCfg = Debug|x86
		{377D609A-3DC9-4DAC-8EB7-A5C3D056CC6F}.Debug|Mixed Platforms.Build.0 = Debug|x86
		{377D609A-3DC9-4DAC-8EB7-A5C3D056CC6F}.Debug|x86.ActiveCfg = Debug|x86
		{377D609A-3DC9-4DAC-8EB7-A5C3D056CC6F}.Debug|x86.Build.0 = Debug|x86
		{377D609A-3DC9-4DAC-8EB7-A5C3D056CC6F}.Release 3.5|Any CPU.ActiveCfg = Release|Any CPU
		{377D609A-3DC9-4DAC-8EB7-A5C3D056CC6F}.Release 3.5|Any CPU.Build.0 = Release|Any CPU
		{377D609A-3DC9-4DAC-8EB7-A5C3D056CC6F}.Release 3.5|Mixed Platforms.ActiveCfg = Release|x86
		{377D609A-3DC9-4DAC-8EB7-A5C3D056CC6F}.Release 3.5|Mixed Platforms.Build.0 = Release|x86
		{377D609A-3DC9-4DAC-8EB7-A5C3D056CC6F}.Release 3.5|x86.ActiveCfg = Release|x86
		{377D609A-3DC9-4DAC-8EB7-A5C3D056CC6F}.Release 3.5|x86.Build.0 = Release|x86
		{377D609A-3DC9-4DAC-8EB7-A5C3D056CC6F}.Release|Any CPU.ActiveCfg = Release|Any CPU
		{377D609A-3DC9-4DAC-8EB7-A5C3D056CC6F}.Release|Any CPU.Build.0 = Release|Any CPU
		{377D609A-3DC9-4DAC-8EB7-A5C3D056CC6F}.Release|Mixed Platforms.ActiveCfg = Release|x86
		{377D609A-3DC9-4DAC-8EB7-A5C3D056CC6F}.Release|Mixed Platforms.Build.0 = Release|x86
		{377D609A-3DC9-4DAC-8EB7-A5C3D056CC6F}.Release|x86.ActiveCfg = Release|x86
		{377D609A-3DC9-4DAC-8EB7-A5C3D056CC6F}.Release|x86.Build.0 = Release|x86
		{90E1D895-BEFC-4AC9-BE5A-908964C539A5}.Debug|Any CPU.ActiveCfg = Debug|Any CPU
		{90E1D895-BEFC-4AC9-BE5A-908964C539A5}.Debug|Any CPU.Build.0 = Debug|Any CPU
		{90E1D895-BEFC-4AC9-BE5A-908964C539A5}.Debug|Mixed Platforms.ActiveCfg = Debug|x86
		{90E1D895-BEFC-4AC9-BE5A-908964C539A5}.Debug|Mixed Platforms.Build.0 = Debug|x86
		{90E1D895-BEFC-4AC9-BE5A-908964C539A5}.Debug|x86.ActiveCfg = Debug|x86
		{90E1D895-BEFC-4AC9-BE5A-908964C539A5}.Debug|x86.Build.0 = Debug|x86
		{90E1D895-BEFC-4AC9-BE5A-908964C539A5}.Release 3.5|Any CPU.ActiveCfg = Release|Any CPU
		{90E1D895-BEFC-4AC9-BE5A-908964C539A5}.Release 3.5|Any CPU.Build.0 = Release|Any CPU
		{90E1D895-BEFC-4AC9-BE5A-908964C539A5}.Release 3.5|Mixed Platforms.ActiveCfg = Release|x86
		{90E1D895-BEFC-4AC9-BE5A-908964C539A5}.Release 3.5|Mixed Platforms.Build.0 = Release|x86
		{90E1D895-BEFC-4AC9-BE5A-908964C539A5}.Release 3.5|x86.ActiveCfg = Release|x86
		{90E1D895-BEFC-4AC9-BE5A-908964C539A5}.Release 3.5|x86.Build.0 = Release|x86
		{90E1D895-BEFC-4AC9-BE5A-908964C539A5}.Release|Any CPU.ActiveCfg = Release|Any CPU
		{90E1D895-BEFC-4AC9-BE5A-908964C539A5}.Release|Any CPU.Build.0 = Release|Any CPU
		{90E1D895-BEFC-4AC9-BE5A-908964C539A5}.Release|Mixed Platforms.ActiveCfg = Release|x86
		{90E1D895-BEFC-4AC9-BE5A-908964C539A5}.Release|Mixed Platforms.Build.0 = Release|x86
		{90E1D895-BEFC-4AC9-BE5A-908964C539A5}.Release|x86.ActiveCfg = Release|x86
		{90E1D895-BEFC-4AC9-BE5A-908964C539A5}.Release|x86.Build.0 = Release|x86
		{CB955BAC-370A-4D96-A1C5-428F03BFA56C}.Debug|Any CPU.ActiveCfg = Debug|Any CPU
		{CB955BAC-370A-4D96-A1C5-428F03BFA56C}.Debug|Any CPU.Build.0 = Debug|Any CPU
		{CB955BAC-370A-4D96-A1C5-428F03BFA56C}.Debug|Mixed Platforms.ActiveCfg = Debug|x86
		{CB955BAC-370A-4D96-A1C5-428F03BFA56C}.Debug|Mixed Platforms.Build.0 = Debug|x86
		{CB955BAC-370A-4D96-A1C5-428F03BFA56C}.Debug|x86.ActiveCfg = Debug|x86
		{CB955BAC-370A-4D96-A1C5-428F03BFA56C}.Debug|x86.Build.0 = Debug|x86
		{CB955BAC-370A-4D96-A1C5-428F03BFA56C}.Release 3.5|Any CPU.ActiveCfg = Release|Any CPU
		{CB955BAC-370A-4D96-A1C5-428F03BFA56C}.Release 3.5|Any CPU.Build.0 = Release|Any CPU
		{CB955BAC-370A-4D96-A1C5-428F03BFA56C}.Release 3.5|Mixed Platforms.ActiveCfg = Release|x86
		{CB955BAC-370A-4D96-A1C5-428F03BFA56C}.Release 3.5|Mixed Platforms.Build.0 = Release|x86
		{CB955BAC-370A-4D96-A1C5-428F03BFA56C}.Release 3.5|x86.ActiveCfg = Release|x86
		{CB955BAC-370A-4D96-A1C5-428F03BFA56C}.Release 3.5|x86.Build.0 = Release|x86
		{CB955BAC-370A-4D96-A1C5-428F03BFA56C}.Release|Any CPU.ActiveCfg = Release|Any CPU
		{CB955BAC-370A-4D96-A1C5-428F03BFA56C}.Release|Any CPU.Build.0 = Release|Any CPU
		{CB955BAC-370A-4D96-A1C5-428F03BFA56C}.Release|Mixed Platforms.ActiveCfg = Release|x86
		{CB955BAC-370A-4D96-A1C5-428F03BFA56C}.Release|Mixed Platforms.Build.0 = Release|x86
		{CB955BAC-370A-4D96-A1C5-428F03BFA56C}.Release|x86.ActiveCfg = Release|x86
		{CB955BAC-370A-4D96-A1C5-428F03BFA56C}.Release|x86.Build.0 = Release|x86
		{15B3E0D2-6217-493A-A690-158C497F5318}.Debug|Any CPU.ActiveCfg = Debug|Any CPU
		{15B3E0D2-6217-493A-A690-158C497F5318}.Debug|Any CPU.Build.0 = Debug|Any CPU
		{15B3E0D2-6217-493A-A690-158C497F5318}.Debug|Mixed Platforms.ActiveCfg = Debug|x86
		{15B3E0D2-6217-493A-A690-158C497F5318}.Debug|Mixed Platforms.Build.0 = Debug|x86
		{15B3E0D2-6217-493A-A690-158C497F5318}.Debug|x86.ActiveCfg = Debug|x86
		{15B3E0D2-6217-493A-A690-158C497F5318}.Debug|x86.Build.0 = Debug|x86
		{15B3E0D2-6217-493A-A690-158C497F5318}.Release 3.5|Any CPU.ActiveCfg = Release|Any CPU
		{15B3E0D2-6217-493A-A690-158C497F5318}.Release 3.5|Any CPU.Build.0 = Release|Any CPU
		{15B3E0D2-6217-493A-A690-158C497F5318}.Release 3.5|Mixed Platforms.ActiveCfg = Release|x86
		{15B3E0D2-6217-493A-A690-158C497F5318}.Release 3.5|Mixed Platforms.Build.0 = Release|x86
		{15B3E0D2-6217-493A-A690-158C497F5318}.Release 3.5|x86.ActiveCfg = Release|x86
		{15B3E0D2-6217-493A-A690-158C497F5318}.Release 3.5|x86.Build.0 = Release|x86
		{15B3E0D2-6217-493A-A690-158C497F5318}.Release|Any CPU.ActiveCfg = Release|Any CPU
		{15B3E0D2-6217-493A-A690-158C497F5318}.Release|Any CPU.Build.0 = Release|Any CPU
		{15B3E0D2-6217-493A-A690-158C497F5318}.Release|Mixed Platforms.ActiveCfg = Release|x86
		{15B3E0D2-6217-493A-A690-158C497F5318}.Release|Mixed Platforms.Build.0 = Release|x86
		{15B3E0D2-6217-493A-A690-158C497F5318}.Release|x86.ActiveCfg = Release|x86
		{15B3E0D2-6217-493A-A690-158C497F5318}.Release|x86.Build.0 = Release|x86
		{B21758D0-9AF3-4797-861C-3CF81DC32923}.Debug|Any CPU.ActiveCfg = Debug|Any CPU
		{B21758D0-9AF3-4797-861C-3CF81DC32923}.Debug|Any CPU.Build.0 = Debug|Any CPU
		{B21758D0-9AF3-4797-861C-3CF81DC32923}.Debug|Mixed Platforms.ActiveCfg = Debug|x86
		{B21758D0-9AF3-4797-861C-3CF81DC32923}.Debug|Mixed Platforms.Build.0 = Debug|x86
		{B21758D0-9AF3-4797-861C-3CF81DC32923}.Debug|x86.ActiveCfg = Debug|x86
		{B21758D0-9AF3-4797-861C-3CF81DC32923}.Debug|x86.Build.0 = Debug|x86
		{B21758D0-9AF3-4797-861C-3CF81DC32923}.Release 3.5|Any CPU.ActiveCfg = Release|Any CPU
		{B21758D0-9AF3-4797-861C-3CF81DC32923}.Release 3.5|Any CPU.Build.0 = Release|Any CPU
		{B21758D0-9AF3-4797-861C-3CF81DC32923}.Release 3.5|Mixed Platforms.ActiveCfg = Release|x86
		{B21758D0-9AF3-4797-861C-3CF81DC32923}.Release 3.5|Mixed Platforms.Build.0 = Release|x86
		{B21758D0-9AF3-4797-861C-3CF81DC32923}.Release 3.5|x86.ActiveCfg = Release|x86
		{B21758D0-9AF3-4797-861C-3CF81DC32923}.Release 3.5|x86.Build.0 = Release|x86
		{B21758D0-9AF3-4797-861C-3CF81DC32923}.Release|Any CPU.ActiveCfg = Release|Any CPU
		{B21758D0-9AF3-4797-861C-3CF81DC32923}.Release|Any CPU.Build.0 = Release|Any CPU
		{B21758D0-9AF3-4797-861C-3CF81DC32923}.Release|Mixed Platforms.ActiveCfg = Release|x86
		{B21758D0-9AF3-4797-861C-3CF81DC32923}.Release|Mixed Platforms.Build.0 = Release|x86
		{B21758D0-9AF3-4797-861C-3CF81DC32923}.Release|x86.ActiveCfg = Release|x86
		{B21758D0-9AF3-4797-861C-3CF81DC32923}.Release|x86.Build.0 = Release|x86
		{B9995990-1E20-4DE1-970C-312A8D9F76B9}.Debug|Any CPU.ActiveCfg = Debug
		{B9995990-1E20-4DE1-970C-312A8D9F76B9}.Debug|Mixed Platforms.ActiveCfg = Debug
		{B9995990-1E20-4DE1-970C-312A8D9F76B9}.Debug|x86.ActiveCfg = Debug
		{B9995990-1E20-4DE1-970C-312A8D9F76B9}.Debug|x86.Deploy.0 = Debug
		{B9995990-1E20-4DE1-970C-312A8D9F76B9}.Release 3.5|Any CPU.ActiveCfg = Release
		{B9995990-1E20-4DE1-970C-312A8D9F76B9}.Release 3.5|Any CPU.Build.0 = Release
		{B9995990-1E20-4DE1-970C-312A8D9F76B9}.Release 3.5|Mixed Platforms.ActiveCfg = Release
		{B9995990-1E20-4DE1-970C-312A8D9F76B9}.Release 3.5|Mixed Platforms.Build.0 = Release
		{B9995990-1E20-4DE1-970C-312A8D9F76B9}.Release 3.5|x86.ActiveCfg = Release
		{B9995990-1E20-4DE1-970C-312A8D9F76B9}.Release 3.5|x86.Build.0 = Release
		{B9995990-1E20-4DE1-970C-312A8D9F76B9}.Release|Any CPU.ActiveCfg = Release
		{B9995990-1E20-4DE1-970C-312A8D9F76B9}.Release|Mixed Platforms.ActiveCfg = Release
		{B9995990-1E20-4DE1-970C-312A8D9F76B9}.Release|Mixed Platforms.Build.0 = Release
		{B9995990-1E20-4DE1-970C-312A8D9F76B9}.Release|x86.ActiveCfg = Release
		{B9995990-1E20-4DE1-970C-312A8D9F76B9}.Release|x86.Build.0 = Release
		{3F62449A-FB0A-4FB6-A874-8086BA2252DF}.Debug|Any CPU.ActiveCfg = Debug|Any CPU
		{3F62449A-FB0A-4FB6-A874-8086BA2252DF}.Debug|Any CPU.Build.0 = Debug|Any CPU
		{3F62449A-FB0A-4FB6-A874-8086BA2252DF}.Debug|Mixed Platforms.ActiveCfg = Debug|x86
		{3F62449A-FB0A-4FB6-A874-8086BA2252DF}.Debug|Mixed Platforms.Build.0 = Debug|x86
		{3F62449A-FB0A-4FB6-A874-8086BA2252DF}.Debug|x86.ActiveCfg = Debug|x86
		{3F62449A-FB0A-4FB6-A874-8086BA2252DF}.Debug|x86.Build.0 = Debug|x86
		{3F62449A-FB0A-4FB6-A874-8086BA2252DF}.Release 3.5|Any CPU.ActiveCfg = Release|Any CPU
		{3F62449A-FB0A-4FB6-A874-8086BA2252DF}.Release 3.5|Any CPU.Build.0 = Release|Any CPU
		{3F62449A-FB0A-4FB6-A874-8086BA2252DF}.Release 3.5|Mixed Platforms.ActiveCfg = Release|x86
		{3F62449A-FB0A-4FB6-A874-8086BA2252DF}.Release 3.5|Mixed Platforms.Build.0 = Release|x86
		{3F62449A-FB0A-4FB6-A874-8086BA2252DF}.Release 3.5|x86.ActiveCfg = Release|x86
		{3F62449A-FB0A-4FB6-A874-8086BA2252DF}.Release 3.5|x86.Build.0 = Release|x86
		{3F62449A-FB0A-4FB6-A874-8086BA2252DF}.Release|Any CPU.ActiveCfg = Release|Any CPU
		{3F62449A-FB0A-4FB6-A874-8086BA2252DF}.Release|Any CPU.Build.0 = Release|Any CPU
		{3F62449A-FB0A-4FB6-A874-8086BA2252DF}.Release|Mixed Platforms.ActiveCfg = Release|Any CPU
		{3F62449A-FB0A-4FB6-A874-8086BA2252DF}.Release|Mixed Platforms.Build.0 = Release|Any CPU
		{3F62449A-FB0A-4FB6-A874-8086BA2252DF}.Release|x86.ActiveCfg = Release|Any CPU
		{37924A57-CEA3-4009-946E-87577CE80052}.Debug|Any CPU.ActiveCfg = Debug|Any CPU
		{37924A57-CEA3-4009-946E-87577CE80052}.Debug|Any CPU.Build.0 = Debug|Any CPU
		{37924A57-CEA3-4009-946E-87577CE80052}.Debug|Mixed Platforms.ActiveCfg = Debug|x86
		{37924A57-CEA3-4009-946E-87577CE80052}.Debug|Mixed Platforms.Build.0 = Debug|x86
		{37924A57-CEA3-4009-946E-87577CE80052}.Debug|x86.ActiveCfg = Debug|x86
		{37924A57-CEA3-4009-946E-87577CE80052}.Debug|x86.Build.0 = Debug|x86
		{37924A57-CEA3-4009-946E-87577CE80052}.Release 3.5|Any CPU.ActiveCfg = Release|Any CPU
		{37924A57-CEA3-4009-946E-87577CE80052}.Release 3.5|Any CPU.Build.0 = Release|Any CPU
		{37924A57-CEA3-4009-946E-87577CE80052}.Release 3.5|Mixed Platforms.ActiveCfg = Release|x86
		{37924A57-CEA3-4009-946E-87577CE80052}.Release 3.5|Mixed Platforms.Build.0 = Release|x86
		{37924A57-CEA3-4009-946E-87577CE80052}.Release 3.5|x86.ActiveCfg = Release|x86
		{37924A57-CEA3-4009-946E-87577CE80052}.Release 3.5|x86.Build.0 = Release|x86
		{37924A57-CEA3-4009-946E-87577CE80052}.Release|Any CPU.ActiveCfg = Release|Any CPU
		{37924A57-CEA3-4009-946E-87577CE80052}.Release|Any CPU.Build.0 = Release|Any CPU
		{37924A57-CEA3-4009-946E-87577CE80052}.Release|Mixed Platforms.ActiveCfg = Release|Any CPU
		{37924A57-CEA3-4009-946E-87577CE80052}.Release|Mixed Platforms.Build.0 = Release|Any CPU
		{37924A57-CEA3-4009-946E-87577CE80052}.Release|x86.ActiveCfg = Release|Any CPU
		{38285284-4DE0-463E-88A7-72607E3DD6B0}.Debug|Any CPU.ActiveCfg = Debug|Any CPU
		{38285284-4DE0-463E-88A7-72607E3DD6B0}.Debug|Any CPU.Build.0 = Debug|Any CPU
		{38285284-4DE0-463E-88A7-72607E3DD6B0}.Debug|Mixed Platforms.ActiveCfg = Debug|x86
		{38285284-4DE0-463E-88A7-72607E3DD6B0}.Debug|Mixed Platforms.Build.0 = Debug|x86
		{38285284-4DE0-463E-88A7-72607E3DD6B0}.Debug|x86.ActiveCfg = Debug|x86
		{38285284-4DE0-463E-88A7-72607E3DD6B0}.Release 3.5|Any CPU.ActiveCfg = Release|Any CPU
		{38285284-4DE0-463E-88A7-72607E3DD6B0}.Release 3.5|Any CPU.Build.0 = Release|Any CPU
		{38285284-4DE0-463E-88A7-72607E3DD6B0}.Release 3.5|Mixed Platforms.ActiveCfg = Release|x86
		{38285284-4DE0-463E-88A7-72607E3DD6B0}.Release 3.5|Mixed Platforms.Build.0 = Release|x86
		{38285284-4DE0-463E-88A7-72607E3DD6B0}.Release 3.5|x86.ActiveCfg = Release|x86
		{38285284-4DE0-463E-88A7-72607E3DD6B0}.Release 3.5|x86.Build.0 = Release|x86
		{38285284-4DE0-463E-88A7-72607E3DD6B0}.Release|Any CPU.ActiveCfg = Release|Any CPU
		{38285284-4DE0-463E-88A7-72607E3DD6B0}.Release|Any CPU.Build.0 = Release|Any CPU
		{38285284-4DE0-463E-88A7-72607E3DD6B0}.Release|Mixed Platforms.ActiveCfg = Release|Any CPU
		{38285284-4DE0-463E-88A7-72607E3DD6B0}.Release|Mixed Platforms.Build.0 = Release|Any CPU
		{38285284-4DE0-463E-88A7-72607E3DD6B0}.Release|x86.ActiveCfg = Release|Any CPU
		{2EF0951C-6ABA-4EA5-A996-FFC962BAE451}.Debug|Any CPU.ActiveCfg = Debug|Any CPU
		{2EF0951C-6ABA-4EA5-A996-FFC962BAE451}.Debug|Any CPU.Build.0 = Debug|Any CPU
		{2EF0951C-6ABA-4EA5-A996-FFC962BAE451}.Debug|Mixed Platforms.ActiveCfg = Debug|Any CPU
		{2EF0951C-6ABA-4EA5-A996-FFC962BAE451}.Debug|Mixed Platforms.Build.0 = Debug|Any CPU
		{2EF0951C-6ABA-4EA5-A996-FFC962BAE451}.Debug|x86.ActiveCfg = Debug|Any CPU
		{2EF0951C-6ABA-4EA5-A996-FFC962BAE451}.Debug|x86.Build.0 = Debug|Any CPU
		{2EF0951C-6ABA-4EA5-A996-FFC962BAE451}.Release 3.5|Any CPU.ActiveCfg = Release|Any CPU
		{2EF0951C-6ABA-4EA5-A996-FFC962BAE451}.Release 3.5|Any CPU.Build.0 = Release|Any CPU
		{2EF0951C-6ABA-4EA5-A996-FFC962BAE451}.Release 3.5|Mixed Platforms.ActiveCfg = Release|Any CPU
		{2EF0951C-6ABA-4EA5-A996-FFC962BAE451}.Release 3.5|Mixed Platforms.Build.0 = Release|Any CPU
		{2EF0951C-6ABA-4EA5-A996-FFC962BAE451}.Release 3.5|x86.ActiveCfg = Release|Any CPU
		{2EF0951C-6ABA-4EA5-A996-FFC962BAE451}.Release|Any CPU.ActiveCfg = Release|Any CPU
		{2EF0951C-6ABA-4EA5-A996-FFC962BAE451}.Release|Any CPU.Build.0 = Release|Any CPU
		{2EF0951C-6ABA-4EA5-A996-FFC962BAE451}.Release|Mixed Platforms.ActiveCfg = Release|Any CPU
		{2EF0951C-6ABA-4EA5-A996-FFC962BAE451}.Release|Mixed Platforms.Build.0 = Release|Any CPU
		{2EF0951C-6ABA-4EA5-A996-FFC962BAE451}.Release|x86.ActiveCfg = Release|Any CPU
		{8FB0A6CB-3C60-4A13-AAA9-90D1D8C572A8}.Debug|Any CPU.ActiveCfg = Debug|Any CPU
		{8FB0A6CB-3C60-4A13-AAA9-90D1D8C572A8}.Debug|Any CPU.Build.0 = Debug|Any CPU
		{8FB0A6CB-3C60-4A13-AAA9-90D1D8C572A8}.Debug|Mixed Platforms.ActiveCfg = Debug|Any CPU
		{8FB0A6CB-3C60-4A13-AAA9-90D1D8C572A8}.Debug|Mixed Platforms.Build.0 = Debug|Any CPU
		{8FB0A6CB-3C60-4A13-AAA9-90D1D8C572A8}.Debug|x86.ActiveCfg = Debug|x86
		{8FB0A6CB-3C60-4A13-AAA9-90D1D8C572A8}.Debug|x86.Build.0 = Debug|x86
		{8FB0A6CB-3C60-4A13-AAA9-90D1D8C572A8}.Release 3.5|Any CPU.ActiveCfg = Release|Any CPU
		{8FB0A6CB-3C60-4A13-AAA9-90D1D8C572A8}.Release 3.5|Any CPU.Build.0 = Release|Any CPU
		{8FB0A6CB-3C60-4A13-AAA9-90D1D8C572A8}.Release 3.5|Mixed Platforms.ActiveCfg = Release|x86
		{8FB0A6CB-3C60-4A13-AAA9-90D1D8C572A8}.Release 3.5|Mixed Platforms.Build.0 = Release|x86
		{8FB0A6CB-3C60-4A13-AAA9-90D1D8C572A8}.Release 3.5|x86.ActiveCfg = Release|x86
		{8FB0A6CB-3C60-4A13-AAA9-90D1D8C572A8}.Release 3.5|x86.Build.0 = Release|x86
		{8FB0A6CB-3C60-4A13-AAA9-90D1D8C572A8}.Release|Any CPU.ActiveCfg = Release|Any CPU
		{8FB0A6CB-3C60-4A13-AAA9-90D1D8C572A8}.Release|Any CPU.Build.0 = Release|Any CPU
		{8FB0A6CB-3C60-4A13-AAA9-90D1D8C572A8}.Release|Mixed Platforms.ActiveCfg = Release|Any CPU
		{8FB0A6CB-3C60-4A13-AAA9-90D1D8C572A8}.Release|Mixed Platforms.Build.0 = Release|Any CPU
		{8FB0A6CB-3C60-4A13-AAA9-90D1D8C572A8}.Release|x86.ActiveCfg = Release|Any CPU
		{33B14365-8EBD-4FA3-9D86-084D77CFDF31}.Debug|Any CPU.ActiveCfg = Debug|Any CPU
		{33B14365-8EBD-4FA3-9D86-084D77CFDF31}.Debug|Any CPU.Build.0 = Debug|Any CPU
		{33B14365-8EBD-4FA3-9D86-084D77CFDF31}.Debug|Mixed Platforms.ActiveCfg = Debug|Any CPU
		{33B14365-8EBD-4FA3-9D86-084D77CFDF31}.Debug|Mixed Platforms.Build.0 = Debug|Any CPU
		{33B14365-8EBD-4FA3-9D86-084D77CFDF31}.Debug|x86.ActiveCfg = Debug|Any CPU
		{33B14365-8EBD-4FA3-9D86-084D77CFDF31}.Release 3.5|Any CPU.ActiveCfg = Release|Any CPU
		{33B14365-8EBD-4FA3-9D86-084D77CFDF31}.Release 3.5|Any CPU.Build.0 = Release|Any CPU
		{33B14365-8EBD-4FA3-9D86-084D77CFDF31}.Release 3.5|Mixed Platforms.ActiveCfg = Release|Any CPU
		{33B14365-8EBD-4FA3-9D86-084D77CFDF31}.Release 3.5|Mixed Platforms.Build.0 = Release|Any CPU
		{33B14365-8EBD-4FA3-9D86-084D77CFDF31}.Release 3.5|x86.ActiveCfg = Release|Any CPU
		{33B14365-8EBD-4FA3-9D86-084D77CFDF31}.Release|Any CPU.ActiveCfg = Release|Any CPU
		{33B14365-8EBD-4FA3-9D86-084D77CFDF31}.Release|Any CPU.Build.0 = Release|Any CPU
		{33B14365-8EBD-4FA3-9D86-084D77CFDF31}.Release|Mixed Platforms.ActiveCfg = Release|Any CPU
		{33B14365-8EBD-4FA3-9D86-084D77CFDF31}.Release|Mixed Platforms.Build.0 = Release|Any CPU
		{33B14365-8EBD-4FA3-9D86-084D77CFDF31}.Release|x86.ActiveCfg = Release|Any CPU
		{87E428D9-20D4-45B4-8F18-45F45F177B86}.Debug|Any CPU.ActiveCfg = Debug|Any CPU
		{87E428D9-20D4-45B4-8F18-45F45F177B86}.Debug|Any CPU.Build.0 = Debug|Any CPU
		{87E428D9-20D4-45B4-8F18-45F45F177B86}.Debug|Mixed Platforms.ActiveCfg = Debug|Any CPU
		{87E428D9-20D4-45B4-8F18-45F45F177B86}.Debug|Mixed Platforms.Build.0 = Debug|Any CPU
		{87E428D9-20D4-45B4-8F18-45F45F177B86}.Debug|x86.ActiveCfg = Debug|x86
		{87E428D9-20D4-45B4-8F18-45F45F177B86}.Debug|x86.Build.0 = Debug|x86
		{87E428D9-20D4-45B4-8F18-45F45F177B86}.Release 3.5|Any CPU.ActiveCfg = Release|Any CPU
		{87E428D9-20D4-45B4-8F18-45F45F177B86}.Release 3.5|Any CPU.Build.0 = Release|Any CPU
		{87E428D9-20D4-45B4-8F18-45F45F177B86}.Release 3.5|Mixed Platforms.ActiveCfg = Release|x86
		{87E428D9-20D4-45B4-8F18-45F45F177B86}.Release 3.5|Mixed Platforms.Build.0 = Release|x86
		{87E428D9-20D4-45B4-8F18-45F45F177B86}.Release 3.5|x86.ActiveCfg = Release|x86
		{87E428D9-20D4-45B4-8F18-45F45F177B86}.Release 3.5|x86.Build.0 = Release|x86
		{87E428D9-20D4-45B4-8F18-45F45F177B86}.Release|Any CPU.ActiveCfg = Release|Any CPU
		{87E428D9-20D4-45B4-8F18-45F45F177B86}.Release|Any CPU.Build.0 = Release|Any CPU
		{87E428D9-20D4-45B4-8F18-45F45F177B86}.Release|Mixed Platforms.ActiveCfg = Release|Any CPU
		{87E428D9-20D4-45B4-8F18-45F45F177B86}.Release|Mixed Platforms.Build.0 = Release|Any CPU
		{87E428D9-20D4-45B4-8F18-45F45F177B86}.Release|x86.ActiveCfg = Release|Any CPU
		{96710F18-4C73-477E-91CA-BA3E5DB86E98}.Debug|Any CPU.ActiveCfg = Debug|Any CPU
		{96710F18-4C73-477E-91CA-BA3E5DB86E98}.Debug|Any CPU.Build.0 = Debug|Any CPU
		{96710F18-4C73-477E-91CA-BA3E5DB86E98}.Debug|Mixed Platforms.ActiveCfg = Debug|Any CPU
		{96710F18-4C73-477E-91CA-BA3E5DB86E98}.Debug|Mixed Platforms.Build.0 = Debug|Any CPU
		{96710F18-4C73-477E-91CA-BA3E5DB86E98}.Debug|x86.ActiveCfg = Debug|x86
		{96710F18-4C73-477E-91CA-BA3E5DB86E98}.Debug|x86.Build.0 = Debug|x86
		{96710F18-4C73-477E-91CA-BA3E5DB86E98}.Release 3.5|Any CPU.ActiveCfg = Release 3.5|Any CPU
		{96710F18-4C73-477E-91CA-BA3E5DB86E98}.Release 3.5|Any CPU.Build.0 = Release 3.5|Any CPU
		{96710F18-4C73-477E-91CA-BA3E5DB86E98}.Release 3.5|Mixed Platforms.ActiveCfg = Release 3.5|Any CPU
		{96710F18-4C73-477E-91CA-BA3E5DB86E98}.Release 3.5|Mixed Platforms.Build.0 = Release 3.5|Any CPU
		{96710F18-4C73-477E-91CA-BA3E5DB86E98}.Release 3.5|x86.ActiveCfg = Release 3.5|Any CPU
		{96710F18-4C73-477E-91CA-BA3E5DB86E98}.Release|Any CPU.ActiveCfg = Release|Any CPU
		{96710F18-4C73-477E-91CA-BA3E5DB86E98}.Release|Any CPU.Build.0 = Release|Any CPU
		{96710F18-4C73-477E-91CA-BA3E5DB86E98}.Release|Mixed Platforms.ActiveCfg = Release|Any CPU
		{96710F18-4C73-477E-91CA-BA3E5DB86E98}.Release|Mixed Platforms.Build.0 = Release|Any CPU
		{96710F18-4C73-477E-91CA-BA3E5DB86E98}.Release|x86.ActiveCfg = Release|Any CPU
		{30EFE940-78A4-440E-AB73-2878A37291A7}.Debug|Any CPU.ActiveCfg = Debug|Any CPU
		{30EFE940-78A4-440E-AB73-2878A37291A7}.Debug|Any CPU.Build.0 = Debug|Any CPU
		{30EFE940-78A4-440E-AB73-2878A37291A7}.Debug|Mixed Platforms.ActiveCfg = Debug|Any CPU
		{30EFE940-78A4-440E-AB73-2878A37291A7}.Debug|Mixed Platforms.Build.0 = Debug|Any CPU
		{30EFE940-78A4-440E-AB73-2878A37291A7}.Debug|x86.ActiveCfg = Debug|Any CPU
		{30EFE940-78A4-440E-AB73-2878A37291A7}.Debug|x86.Build.0 = Debug|Any CPU
		{30EFE940-78A4-440E-AB73-2878A37291A7}.Release 3.5|Any CPU.ActiveCfg = Release|Any CPU
		{30EFE940-78A4-440E-AB73-2878A37291A7}.Release 3.5|Any CPU.Build.0 = Release|Any CPU
		{30EFE940-78A4-440E-AB73-2878A37291A7}.Release 3.5|Mixed Platforms.ActiveCfg = Release|Any CPU
		{30EFE940-78A4-440E-AB73-2878A37291A7}.Release 3.5|Mixed Platforms.Build.0 = Release|Any CPU
		{30EFE940-78A4-440E-AB73-2878A37291A7}.Release 3.5|x86.ActiveCfg = Release|Any CPU
		{30EFE940-78A4-440E-AB73-2878A37291A7}.Release|Any CPU.ActiveCfg = Release|Any CPU
		{30EFE940-78A4-440E-AB73-2878A37291A7}.Release|Any CPU.Build.0 = Release|Any CPU
		{30EFE940-78A4-440E-AB73-2878A37291A7}.Release|Mixed Platforms.ActiveCfg = Release|Any CPU
		{30EFE940-78A4-440E-AB73-2878A37291A7}.Release|Mixed Platforms.Build.0 = Release|Any CPU
		{30EFE940-78A4-440E-AB73-2878A37291A7}.Release|x86.ActiveCfg = Release|Any CPU
		{D7DED2E3-6FBE-4538-A617-906F13925F27}.Debug|Any CPU.ActiveCfg = Debug|Any CPU
		{D7DED2E3-6FBE-4538-A617-906F13925F27}.Debug|Any CPU.Build.0 = Debug|Any CPU
		{D7DED2E3-6FBE-4538-A617-906F13925F27}.Debug|Mixed Platforms.ActiveCfg = Debug|Any CPU
		{D7DED2E3-6FBE-4538-A617-906F13925F27}.Debug|Mixed Platforms.Build.0 = Debug|Any CPU
		{D7DED2E3-6FBE-4538-A617-906F13925F27}.Debug|x86.ActiveCfg = Debug|x86
		{D7DED2E3-6FBE-4538-A617-906F13925F27}.Debug|x86.Build.0 = Debug|x86
		{D7DED2E3-6FBE-4538-A617-906F13925F27}.Release 3.5|Any CPU.ActiveCfg = Release|Any CPU
		{D7DED2E3-6FBE-4538-A617-906F13925F27}.Release 3.5|Any CPU.Build.0 = Release|Any CPU
		{D7DED2E3-6FBE-4538-A617-906F13925F27}.Release 3.5|Mixed Platforms.ActiveCfg = Release|Any CPU
		{D7DED2E3-6FBE-4538-A617-906F13925F27}.Release 3.5|Mixed Platforms.Build.0 = Release|Any CPU
		{D7DED2E3-6FBE-4538-A617-906F13925F27}.Release 3.5|x86.ActiveCfg = Release|Any CPU
		{D7DED2E3-6FBE-4538-A617-906F13925F27}.Release|Any CPU.ActiveCfg = Release|Any CPU
		{D7DED2E3-6FBE-4538-A617-906F13925F27}.Release|Any CPU.Build.0 = Release|Any CPU
		{D7DED2E3-6FBE-4538-A617-906F13925F27}.Release|Mixed Platforms.ActiveCfg = Release|Any CPU
		{D7DED2E3-6FBE-4538-A617-906F13925F27}.Release|Mixed Platforms.Build.0 = Release|Any CPU
		{D7DED2E3-6FBE-4538-A617-906F13925F27}.Release|x86.ActiveCfg = Release|Any CPU
		{9175D0A0-C1CD-4F8A-BD20-BF2665DEC2BC}.Debug|Any CPU.ActiveCfg = Debug
		{9175D0A0-C1CD-4F8A-BD20-BF2665DEC2BC}.Debug|Mixed Platforms.ActiveCfg = Debug
		{9175D0A0-C1CD-4F8A-BD20-BF2665DEC2BC}.Debug|x86.ActiveCfg = Debug
		{9175D0A0-C1CD-4F8A-BD20-BF2665DEC2BC}.Release 3.5|Any CPU.ActiveCfg = Release
		{9175D0A0-C1CD-4F8A-BD20-BF2665DEC2BC}.Release 3.5|Mixed Platforms.ActiveCfg = Release
		{9175D0A0-C1CD-4F8A-BD20-BF2665DEC2BC}.Release 3.5|x86.ActiveCfg = Release
		{9175D0A0-C1CD-4F8A-BD20-BF2665DEC2BC}.Release|Any CPU.ActiveCfg = Release
		{9175D0A0-C1CD-4F8A-BD20-BF2665DEC2BC}.Release|Mixed Platforms.ActiveCfg = Release
		{9175D0A0-C1CD-4F8A-BD20-BF2665DEC2BC}.Release|x86.ActiveCfg = Release
	EndGlobalSection
	GlobalSection(SolutionProperties) = preSolution
		HideSolutionNode = FALSE
	EndGlobalSection
	GlobalSection(NestedProjects) = preSolution
		{38285284-4DE0-463E-88A7-72607E3DD6B0} = {A632ECB7-03B1-40A8-BEEC-6D2AD68D58B3}
		{2EF0951C-6ABA-4EA5-A996-FFC962BAE451} = {A632ECB7-03B1-40A8-BEEC-6D2AD68D58B3}
		{33B14365-8EBD-4FA3-9D86-084D77CFDF31} = {A632ECB7-03B1-40A8-BEEC-6D2AD68D58B3}
		{87E428D9-20D4-45B4-8F18-45F45F177B86} = {A632ECB7-03B1-40A8-BEEC-6D2AD68D58B3}
		{30EFE940-78A4-440E-AB73-2878A37291A7} = {A632ECB7-03B1-40A8-BEEC-6D2AD68D58B3}
		{D7DED2E3-6FBE-4538-A617-906F13925F27} = {A632ECB7-03B1-40A8-BEEC-6D2AD68D58B3}
	EndGlobalSection
	GlobalSection(ExtensibilityGlobals) = postSolution
		VisualSVNWorkingCopyRoot = .
	EndGlobalSection
EndGlobal
